{
    "_readme": [
        "This file locks the dependencies of your project to a known state",
        "Read more about it at https://getcomposer.org/doc/01-basic-usage.md#composer-lock-the-lock-file",
        "This file is @generated automatically"
    ],
    "content-hash": "d9d43741ab1b0fcec3befd73d038657a",
    "packages": [
        {
            "name": "phpmv/ubiquity",
            "version": "dev-nosql-prepare",
            "source": {
                "type": "git",
                "url": "https://github.com/phpMv/ubiquity.git",
                "reference": "087ba26a188ec14fbb90f2bb3ae517e2bf069510"
            },
            "dist": {
                "type": "zip",
                "url": "https://api.github.com/repos/phpMv/ubiquity/zipball/087ba26a188ec14fbb90f2bb3ae517e2bf069510",
                "reference": "087ba26a188ec14fbb90f2bb3ae517e2bf069510",
                "shasum": ""
            },
            "require": {
                "php": "^7.4"
            },
            "require-dev": {
                "phpmv/php-mv-ui": "^2.2",
                "phpmv/ubiquity-codeception": "dev-master",
                "phpmv/ubiquity-dev": "^0.0",
                "phpmv/ubiquity-devtools": "^1.2"
            },
            "type": "framework",
            "extra": {
                "branch-alias": {
                    "dev-master": "2.4.x-dev"
                }
            },
            "autoload": {
                "psr-4": {
                    "Ubiquity\\": "src/Ubiquity/"
                }
            },
            "notification-url": "https://packagist.org/downloads/",
            "license": [
                "Apache-2.0"
            ],
            "authors": [
                {
                    "name": "Jean-Christophe HERON",
                    "email": "myaddressmail@gmail.com",
                    "role": "Lead developer"
                }
            ],
            "description": "Ubiquity-framework",
            "keywords": [
                "framework",
                "mvc",
                "orm",
                "php"
            ],
            "time": "2020-08-23T11:17:09+00:00"
        }
    ],
    "packages-dev": [],
    "aliases": [],
    "minimum-stability": "stable",
    "stability-flags": {
        "phpmv/ubiquity": 20
    },
    "prefer-stable": false,
    "prefer-lowest": false,
    "platform": {
        "php": ">7.0"
    },
    "platform-dev": []
}
